
Microsoft Visual Studio Solution File, Format Version 12.00
# Visual Studio Version 17
VisualStudioVersion = 17.11.35208.52
MinimumVisualStudioVersion = 10.0.40219.1
Project("{FAE04EC0-301F-11D3-BF4B-00C04F79EFBC}") = "Gateway.API", "Gateway.API\Gateway.API.csproj", "{988757E7-9580-43C0-AE59-36E7125FDE3D}"
EndProject
Global
	GlobalSection(SolutionConfigurationPlatforms) = preSolution
		Debug|Any CPU = Debug|Any CPU
		Release|Any CPU = Release|Any CPU
	EndGlobalSection
	GlobalSection(ProjectConfigurationPlatforms) = postSolution
		{988757E7-9580-43C0-AE59-36E7125FDE3D}.Debug|Any CPU.ActiveCfg = Debug|Any CPU
		{988757E7-9580-43C0-AE59-36E7125FDE3D}.Debug|Any CPU.Build.0 = Debug|Any CPU
		{988757E7-9580-43C0-AE59-36E7125FDE3D}.Release|Any CPU.ActiveCfg = Release|Any CPU
		{988757E7-9580-43C0-AE59-36E7125FDE3D}.Release|Any CPU.Build.0 = Release|Any CPU
	EndGlobalSection
	GlobalSection(SolutionProperties) = preSolution
		HideSolutionNode = FALSE
	EndGlobalSection
	GlobalSection(ExtensibilityGlobals) = postSolution
		SolutionGuid = {C0C04E1A-636D-4BAD-919D-C160CEAEFDA0}
	EndGlobalSection
EndGlobal
