
Microsoft Visual Studio Solution File, Format Version 12.00
# Visual Studio Version 17
VisualStudioVersion = 17.11.35208.52
MinimumVisualStudioVersion = 10.0.40219.1
Project("{9A19103F-16F7-4668-BE54-9A1E7A4F7556}") = "Cruceros.MVC.Web", "Cruceros.MVC.Web\Cruceros.MVC.Web.csproj", "{B3495D96-4ACF-4CB3-9998-D3EDB6A2ADD3}"
EndProject
Project("{FAE04EC0-301F-11D3-BF4B-00C04F79EFBC}") = "Cruceros.Data", "Data\Cruceros.Data.csproj", "{58D02B9C-A6AB-4240-A4DA-4716F5C55190}"
EndProject
Global
	GlobalSection(SolutionConfigurationPlatforms) = preSolution
		Debug|Any CPU = Debug|Any CPU
		Release|Any CPU = Release|Any CPU
	EndGlobalSection
	GlobalSection(ProjectConfigurationPlatforms) = postSolution
		{B3495D96-4ACF-4CB3-9998-D3EDB6A2ADD3}.Debug|Any CPU.ActiveCfg = Debug|Any CPU
		{B3495D96-4ACF-4CB3-9998-D3EDB6A2ADD3}.Debug|Any CPU.Build.0 = Debug|Any CPU
		{B3495D96-4ACF-4CB3-9998-D3EDB6A2ADD3}.Release|Any CPU.ActiveCfg = Release|Any CPU
		{B3495D96-4ACF-4CB3-9998-D3EDB6A2ADD3}.Release|Any CPU.Build.0 = Release|Any CPU
		{58D02B9C-A6AB-4240-A4DA-4716F5C55190}.Debug|Any CPU.ActiveCfg = Debug|Any CPU
		{58D02B9C-A6AB-4240-A4DA-4716F5C55190}.Debug|Any CPU.Build.0 = Debug|Any CPU
		{58D02B9C-A6AB-4240-A4DA-4716F5C55190}.Release|Any CPU.ActiveCfg = Release|Any CPU
		{58D02B9C-A6AB-4240-A4DA-4716F5C55190}.Release|Any CPU.Build.0 = Release|Any CPU
	EndGlobalSection
	GlobalSection(SolutionProperties) = preSolution
		HideSolutionNode = FALSE
	EndGlobalSection
	GlobalSection(ExtensibilityGlobals) = postSolution
		SolutionGuid = {27A26180-F12F-4AB4-BA9E-827E81D91D1D}
	EndGlobalSection
EndGlobal
